
Microsoft Visual Studio Solution File, Format Version 12.00
# Visual Studio 14
VisualStudioVersion = 14.0.23107.0
MinimumVisualStudioVersion = 10.0.40219.1
Project("{2150E333-8FDC-42A3-9474-1A3956D46DE8}") = "Dependencias", "Dependencias", "{A5926B2B-3DA1-4DCE-B3F6-888550751A9E}"
	ProjectSection(SolutionItems) = preProject
		packages\EntityFramework.5.0.0\lib\net45\EntityFramework.dll = packages\EntityFramework.5.0.0\lib\net45\EntityFramework.dll
		packages\EntityFramework.5.0.0\lib\net45\EntityFramework.xml = packages\EntityFramework.5.0.0\lib\net45\EntityFramework.xml
		packages\IBM.Data.DB2.iSeries\IBM.Data.DB2.iSeries.dll = packages\IBM.Data.DB2.iSeries\IBM.Data.DB2.iSeries.dll
		packages\Unity.3.0.1304.1\lib\Net45\Microsoft.Practices.Unity.Configuration.dll = packages\Unity.3.0.1304.1\lib\Net45\Microsoft.Practices.Unity.Configuration.dll
		packages\Unity.3.0.1304.1\lib\Net45\Microsoft.Practices.Unity.Configuration.xml = packages\Unity.3.0.1304.1\lib\Net45\Microsoft.Practices.Unity.Configuration.xml
		packages\Unity.3.0.1304.1\lib\Net45\Microsoft.Practices.Unity.dll = packages\Unity.3.0.1304.1\lib\Net45\Microsoft.Practices.Unity.dll
		packages\Unity.3.0.1304.1\lib\Net45\Microsoft.Practices.Unity.xml = packages\Unity.3.0.1304.1\lib\Net45\Microsoft.Practices.Unity.xml
	EndProjectSection
EndProject
Project("{2150E333-8FDC-42A3-9474-1A3956D46DE8}") = "01. Interfaz de Usuario", "01. Interfaz de Usuario", "{07830C8B-8347-4EAE-AC41-0124AE351BC2}"
EndProject
Project("{2150E333-8FDC-42A3-9474-1A3956D46DE8}") = "02. Acceso a Datos", "02. Acceso a Datos", "{670EC26E-279E-4748-AD4A-8F6E414687F1}"
EndProject
Project("{2150E333-8FDC-42A3-9474-1A3956D46DE8}") = "03. Negocio", "03. Negocio", "{DDEA5CD1-C5AD-4D8F-9241-FAA513EE49D2}"
EndProject
Project("{2150E333-8FDC-42A3-9474-1A3956D46DE8}") = "04. Comunes", "04. Comunes", "{A423873A-CCF6-421A-8876-30F9AA30BAE1}"
EndProject
Project("{2150E333-8FDC-42A3-9474-1A3956D46DE8}") = "05. Pruebas", "05. Pruebas", "{9AA089EB-3326-470D-832A-B4521EB486FE}"
EndProject
Project("{2150E333-8FDC-42A3-9474-1A3956D46DE8}") = "Querys SQL", "Querys SQL", "{ABF74EDD-58FC-45EC-8518-BDCCC12BD7F5}"
	ProjectSection(SolutionItems) = preProject
		Querys\USP_ACTUALIZARCLIENTE.sql = Querys\USP_ACTUALIZARCLIENTE.sql
		Querys\USP_ACTUALIZARPRODUCTO.sql = Querys\USP_ACTUALIZARPRODUCTO.sql
		Querys\USP_ELIMINARCLIENTE.sql = Querys\USP_ELIMINARCLIENTE.sql
		Querys\USP_ELIMINARPRODUCTO.sql = Querys\USP_ELIMINARPRODUCTO.sql
		Querys\USP_GETCLIENTEBYID.sql = Querys\USP_GETCLIENTEBYID.sql
		Querys\USP_GETPRODUCTOBYID.sql = Querys\USP_GETPRODUCTOBYID.sql
		Querys\USP_INSERTARCLIENTE.sql = Querys\USP_INSERTARCLIENTE.sql
		Querys\USP_INSERTARDETALLEFACTURA.sql = Querys\USP_INSERTARDETALLEFACTURA.sql
		Querys\USP_INSERTARFACTURA.sql = Querys\USP_INSERTARFACTURA.sql
		Querys\USP_INSERTARPRODUCTO.sql = Querys\USP_INSERTARPRODUCTO.sql
		Querys\USP_LISTARCLIENTES.sql = Querys\USP_LISTARCLIENTES.sql
		Querys\USP_LISTARDETALLES.sql = Querys\USP_LISTARDETALLES.sql
		Querys\USP_LISTARFACTURAS.sql = Querys\USP_LISTARFACTURAS.sql
		Querys\USP_LISTARPRODUCTOS.sql = Querys\USP_LISTARPRODUCTOS.sql
	EndProjectSection
EndProject
Project("{FAE04EC0-301F-11D3-BF4B-00C04F79EFBC}") = "Bodega.DatosSQL", "Bodega.Datos\Bodega.DatosSQL.csproj", "{C8F26627-A5BE-47F7-A4A8-75087051B5BC}"
EndProject
Project("{FAE04EC0-301F-11D3-BF4B-00C04F79EFBC}") = "Bodega.Negocio", "Bodega.Negocio\Bodega.Negocio.csproj", "{26F947C0-6A2C-440B-ACC3-68FB5AC58974}"
EndProject
Project("{FAE04EC0-301F-11D3-BF4B-00C04F79EFBC}") = "Bodega.Test", "Bodega.Test\Bodega.Test.csproj", "{EC8AFF64-8F59-4B68-816F-B13FC5DE3C90}"
EndProject
Project("{FAE04EC0-301F-11D3-BF4B-00C04F79EFBC}") = "Bodega.Entidades", "Bodega.Entidades\Bodega.Entidades.csproj", "{731DD700-F64B-4BD5-B8F2-DC05D295B0FD}"
EndProject
Project("{FAE04EC0-301F-11D3-BF4B-00C04F79EFBC}") = "Bodega.Repositorio", "Bodega.Repositorio\Bodega.Repositorio.csproj", "{6E29D930-0C39-42D1-B753-56917C3D508B}"
EndProject
Project("{FAE04EC0-301F-11D3-BF4B-00C04F79EFBC}") = "Bodega.Windows", "Bodega.Windows\Bodega.Windows.csproj", "{020C8D79-9C7B-487F-A4F2-1A2A69BB3E51}"
EndProject
Project("{FAE04EC0-301F-11D3-BF4B-00C04F79EFBC}") = "Bodega.Plantillas", "Bodega.Plantillas\Bodega.Plantillas.csproj", "{B04A5E31-6FED-4121-ADD2-3D184AD247A3}"
EndProject
Project("{FAE04EC0-301F-11D3-BF4B-00C04F79EFBC}") = "Bodega.Access", "Bodega.Access\Bodega.Access.csproj", "{791ED065-7219-4FED-9D5D-87FA26A746FC}"
EndProject
Project("{FAE04EC0-301F-11D3-BF4B-00C04F79EFBC}") = "Bodega.WebForms", "Bodega.WebForms\Bodega.WebForms.csproj", "{0F643BD1-A3E8-49FB-ADEC-B7F78938B2AB}"
EndProject
Project("{FAE04EC0-301F-11D3-BF4B-00C04F79EFBC}") = "Bodega.WebMvc", "Bodega.WebMvc\Bodega.WebMvc.csproj", "{0F17A248-FC61-4F4D-9861-E8946C1EB7FE}"
EndProject
Global
	GlobalSection(SolutionConfigurationPlatforms) = preSolution
		Debug|Any CPU = Debug|Any CPU
		Release|Any CPU = Release|Any CPU
	EndGlobalSection
	GlobalSection(ProjectConfigurationPlatforms) = postSolution
		{C8F26627-A5BE-47F7-A4A8-75087051B5BC}.Debug|Any CPU.ActiveCfg = Debug|Any CPU
		{C8F26627-A5BE-47F7-A4A8-75087051B5BC}.Debug|Any CPU.Build.0 = Debug|Any CPU
		{C8F26627-A5BE-47F7-A4A8-75087051B5BC}.Release|Any CPU.ActiveCfg = Release|Any CPU
		{C8F26627-A5BE-47F7-A4A8-75087051B5BC}.Release|Any CPU.Build.0 = Release|Any CPU
		{26F947C0-6A2C-440B-ACC3-68FB5AC58974}.Debug|Any CPU.ActiveCfg = Debug|Any CPU
		{26F947C0-6A2C-440B-ACC3-68FB5AC58974}.Debug|Any CPU.Build.0 = Debug|Any CPU
		{26F947C0-6A2C-440B-ACC3-68FB5AC58974}.Release|Any CPU.ActiveCfg = Release|Any CPU
		{26F947C0-6A2C-440B-ACC3-68FB5AC58974}.Release|Any CPU.Build.0 = Release|Any CPU
		{EC8AFF64-8F59-4B68-816F-B13FC5DE3C90}.Debug|Any CPU.ActiveCfg = Debug|Any CPU
		{EC8AFF64-8F59-4B68-816F-B13FC5DE3C90}.Debug|Any CPU.Build.0 = Debug|Any CPU
		{EC8AFF64-8F59-4B68-816F-B13FC5DE3C90}.Release|Any CPU.ActiveCfg = Release|Any CPU
		{EC8AFF64-8F59-4B68-816F-B13FC5DE3C90}.Release|Any CPU.Build.0 = Release|Any CPU
		{731DD700-F64B-4BD5-B8F2-DC05D295B0FD}.Debug|Any CPU.ActiveCfg = Debug|Any CPU
		{731DD700-F64B-4BD5-B8F2-DC05D295B0FD}.Debug|Any CPU.Build.0 = Debug|Any CPU
		{731DD700-F64B-4BD5-B8F2-DC05D295B0FD}.Release|Any CPU.ActiveCfg = Release|Any CPU
		{731DD700-F64B-4BD5-B8F2-DC05D295B0FD}.Release|Any CPU.Build.0 = Release|Any CPU
		{6E29D930-0C39-42D1-B753-56917C3D508B}.Debug|Any CPU.ActiveCfg = Debug|Any CPU
		{6E29D930-0C39-42D1-B753-56917C3D508B}.Debug|Any CPU.Build.0 = Debug|Any CPU
		{6E29D930-0C39-42D1-B753-56917C3D508B}.Release|Any CPU.ActiveCfg = Release|Any CPU
		{6E29D930-0C39-42D1-B753-56917C3D508B}.Release|Any CPU.Build.0 = Release|Any CPU
		{020C8D79-9C7B-487F-A4F2-1A2A69BB3E51}.Debug|Any CPU.ActiveCfg = Debug|Any CPU
		{020C8D79-9C7B-487F-A4F2-1A2A69BB3E51}.Debug|Any CPU.Build.0 = Debug|Any CPU
		{020C8D79-9C7B-487F-A4F2-1A2A69BB3E51}.Release|Any CPU.ActiveCfg = Release|Any CPU
		{020C8D79-9C7B-487F-A4F2-1A2A69BB3E51}.Release|Any CPU.Build.0 = Release|Any CPU
		{B04A5E31-6FED-4121-ADD2-3D184AD247A3}.Debug|Any CPU.ActiveCfg = Debug|Any CPU
		{B04A5E31-6FED-4121-ADD2-3D184AD247A3}.Debug|Any CPU.Build.0 = Debug|Any CPU
		{B04A5E31-6FED-4121-ADD2-3D184AD247A3}.Release|Any CPU.ActiveCfg = Release|Any CPU
		{B04A5E31-6FED-4121-ADD2-3D184AD247A3}.Release|Any CPU.Build.0 = Release|Any CPU
		{791ED065-7219-4FED-9D5D-87FA26A746FC}.Debug|Any CPU.ActiveCfg = Debug|Any CPU
		{791ED065-7219-4FED-9D5D-87FA26A746FC}.Debug|Any CPU.Build.0 = Debug|Any CPU
		{791ED065-7219-4FED-9D5D-87FA26A746FC}.Release|Any CPU.ActiveCfg = Release|Any CPU
		{791ED065-7219-4FED-9D5D-87FA26A746FC}.Release|Any CPU.Build.0 = Release|Any CPU
		{0F643BD1-A3E8-49FB-ADEC-B7F78938B2AB}.Debug|Any CPU.ActiveCfg = Debug|Any CPU
		{0F643BD1-A3E8-49FB-ADEC-B7F78938B2AB}.Debug|Any CPU.Build.0 = Debug|Any CPU
		{0F643BD1-A3E8-49FB-ADEC-B7F78938B2AB}.Release|Any CPU.ActiveCfg = Release|Any CPU
		{0F643BD1-A3E8-49FB-ADEC-B7F78938B2AB}.Release|Any CPU.Build.0 = Release|Any CPU
		{0F17A248-FC61-4F4D-9861-E8946C1EB7FE}.Debug|Any CPU.ActiveCfg = Debug|Any CPU
		{0F17A248-FC61-4F4D-9861-E8946C1EB7FE}.Debug|Any CPU.Build.0 = Debug|Any CPU
		{0F17A248-FC61-4F4D-9861-E8946C1EB7FE}.Release|Any CPU.ActiveCfg = Release|Any CPU
		{0F17A248-FC61-4F4D-9861-E8946C1EB7FE}.Release|Any CPU.Build.0 = Release|Any CPU
	EndGlobalSection
	GlobalSection(SolutionProperties) = preSolution
		HideSolutionNode = FALSE
	EndGlobalSection
	GlobalSection(NestedProjects) = preSolution
		{C8F26627-A5BE-47F7-A4A8-75087051B5BC} = {670EC26E-279E-4748-AD4A-8F6E414687F1}
		{26F947C0-6A2C-440B-ACC3-68FB5AC58974} = {DDEA5CD1-C5AD-4D8F-9241-FAA513EE49D2}
		{EC8AFF64-8F59-4B68-816F-B13FC5DE3C90} = {9AA089EB-3326-470D-832A-B4521EB486FE}
		{731DD700-F64B-4BD5-B8F2-DC05D295B0FD} = {A423873A-CCF6-421A-8876-30F9AA30BAE1}
		{6E29D930-0C39-42D1-B753-56917C3D508B} = {A423873A-CCF6-421A-8876-30F9AA30BAE1}
		{020C8D79-9C7B-487F-A4F2-1A2A69BB3E51} = {07830C8B-8347-4EAE-AC41-0124AE351BC2}
		{B04A5E31-6FED-4121-ADD2-3D184AD247A3} = {A423873A-CCF6-421A-8876-30F9AA30BAE1}
		{791ED065-7219-4FED-9D5D-87FA26A746FC} = {670EC26E-279E-4748-AD4A-8F6E414687F1}
		{0F643BD1-A3E8-49FB-ADEC-B7F78938B2AB} = {07830C8B-8347-4EAE-AC41-0124AE351BC2}
		{0F17A248-FC61-4F4D-9861-E8946C1EB7FE} = {07830C8B-8347-4EAE-AC41-0124AE351BC2}
	EndGlobalSection
	GlobalSection(ExtensibilityGlobals) = postSolution
		EnterpriseLibraryConfigurationToolBinariesPathV6 = packages\EnterpriseLibrary.Common.6.0.1304.0\lib\NET45;packages\EnterpriseLibrary.Validation.6.0.1304.0\lib\NET45;packages\EnterpriseLibrary.Validation.Integration.WinForms.6.0.1304.0\lib\NET45
	EndGlobalSection
EndGlobal
